{
  "name": "dependabot-npm-test",
  "version": "1.0.0",
  "lockfileVersion": 1,
  "requires": true,
  "dependencies": {
    "fast-url-parser": {
      "version": "1.1.3",
      "resolved": "https://registry.npmjs.org/fast-url-parser/-/fast-url-parser-1.1.3.tgz",
      "integrity": "sha1-9K8+qfNNiicc9YrSs3WfQx8LMY0=",
      "requires": {
        "punycode": "^1.3.2"
      }
    },
    "file-exists": {
      "version": "0.1.1",
      "resolved": "https://registry.npmjs.org/file-exists/-/file-exists-0.1.1.tgz",
      "integrity": "sha1-mT0//7W0nRH+/Mj0XCNVAnRAgDw="
    },
    "hellojs": {
      "version": "1.18.6",
      "resolved": "https://registry.npmjs.org/hellojs/-/hellojs-1.18.6.tgz",
      "integrity": "sha512-xt2zI4w9e6pxNP/WHrHME5Shaex2HuUIni7ZZ1EeqvTTDUd3FOaWdmDKUSRmQgw3LFv06bUi3mVWwGuM5pOtrw=="
    },
    "punycode": {
      "version": "1.4.1",
      "resolved": "https://registry.npmjs.org/punycode/-/punycode-1.4.1.tgz",
      "integrity": "sha1-wNWmOycYgArY4esPpSachN1BhF4="
    },
    "slashify": {
      "version": "1.0.0",
      "resolved": "https://registry.npmjs.org/slashify/-/slashify-1.0.0.tgz",
      "integrity": "sha1-JEumpIR/0Hpklei4/b9FteQIlSg=",
      "requires": {
        "fast-url-parser": "^1.0.6-0",
        "file-exists": "^0.1.1"
      }
    }
  }
}
